{
  "name": "asp.net",
  "version": "1.0.0",
  "lockfileVersion": 1,
  "requires": true,
  "dependencies": {
    "@types/xrm": {
      "version": "9.0.41",
      "resolved": "https://registry.npmjs.org/@types/xrm/-/xrm-9.0.41.tgz",
      "integrity": "sha512-XJBs+kEZdwiVB0/xdxAUAg7dVCGfeJ98hWlNaBklHnOgZKGh2nnzaz6s30YnFa7Q41CXU5EOKEK+vCDTlR2Gdg==",
      "dev": true
    }
  }
}
