
Microsoft Visual Studio Solution File, Format Version 12.00
# Visual Studio Version 17
VisualStudioVersion = 17.1.32421.90
MinimumVisualStudioVersion = 10.0.40219.1
Project("{2150E333-8FDC-42A3-9474-1A3956D46DE8}") = "Solution Items", "Solution Items", "{ACEBBA29-7891-46F0-8D1C-992A728C7AAB}"
	ProjectSection(SolutionItems) = preProject
		CHANGELOG.MD = CHANGELOG.MD
		DEVELOPMENT.MD = DEVELOPMENT.MD
		DOCUMENTATION.MD = DOCUMENTATION.MD
		generate-fake-package.cmd = generate-fake-package.cmd
		generate-package.cmd = generate-package.cmd
		generate-tools-package.cmd = generate-tools-package.cmd
		README.MD = README.MD
		READMEOLD.MD = READMEOLD.MD
		TOOLS.MD = TOOLS.MD
	EndProjectSection
EndProject
Project("{2150E333-8FDC-42A3-9474-1A3956D46DE8}") = "images", "images", "{A590DDDB-7B0D-4158-B0EC-F6AB9A7C3B95}"
	ProjectSection(SolutionItems) = preProject
		images\addproject.PNG = images\addproject.PNG
		images\copyzip.PNG = images\copyzip.PNG
		images\demofolder.PNG = images\demofolder.PNG
		images\deploy.PNG = images\deploy.PNG
		images\download.PNG = images\download.PNG
		images\filterxml.PNG = images\filterxml.PNG
		images\generate1.PNG = images\generate1.PNG
		images\plugregappconfig.PNG = images\plugregappconfig.PNG
		images\projectproperties.PNG = images\projectproperties.PNG
		images\renamesolution.PNG = images\renamesolution.PNG
		images\rungenerate.PNG = images\rungenerate.PNG
		images\searchandreplace.PNG = images\searchandreplace.PNG
		images\setupearlyboundentities.PNG = images\setupearlyboundentities.PNG
		images\solutionfilstructure.PNG = images\solutionfilstructure.PNG
		images\targetfolder.PNG = images\targetfolder.PNG
	EndProjectSection
EndProject
Project("{FAE04EC0-301F-11D3-BF4B-00C04F79EFBC}") = "Kipon.Solid.Plugin", "Kipon.Solid.Plugin\Kipon.Solid.Plugin.csproj", "{E0B9DBE2-FC07-4970-9971-B0D37CBFDAB9}"
EndProject
Project("{FAE04EC0-301F-11D3-BF4B-00C04F79EFBC}") = "Kipon.Solid.Xrm.Fake", "Kipon.Solid.Xrm.Fake\Kipon.Solid.Xrm.Fake.csproj", "{B82125A9-765D-48C3-BFDF-590235D390A3}"
EndProject
Project("{FAE04EC0-301F-11D3-BF4B-00C04F79EFBC}") = "Kipon.Xrm.Tools", "Kipon.Xrm.Tools\Kipon.Xrm.Tools.csproj", "{FF06F849-850F-41BC-AA62-E1673C368217}"
EndProject
Project("{FAE04EC0-301F-11D3-BF4B-00C04F79EFBC}") = "Kipon.Xrm.Cmd", "Kipon.Xrm.Cmd\Kipon.Xrm.Cmd.csproj", "{79EEBBAF-B35E-459D-B6B0-AD5E2365D0E5}"
EndProject
Project("{2150E333-8FDC-42A3-9474-1A3956D46DE8}") = "Package", "Package", "{38544696-D4F5-44AE-9C12-A24960238F97}"
	ProjectSection(SolutionItems) = preProject
		Package\Kipon.Solid.Plugin.nuspec = Package\Kipon.Solid.Plugin.nuspec
		Package\readme.txt = Package\readme.txt
	EndProjectSection
EndProject
Project("{2150E333-8FDC-42A3-9474-1A3956D46DE8}") = "content", "content", "{96A8281F-FD9B-4E40-A4C8-194437E4223F}"
	ProjectSection(SolutionItems) = preProject
		Package\content\deploy.cmd.template = Package\content\deploy.cmd.template
	EndProjectSection
EndProject
Project("{2150E333-8FDC-42A3-9474-1A3956D46DE8}") = "Entities", "Entities", "{316C8C8D-9E87-43B5-93A5-854CE2A48A57}"
	ProjectSection(SolutionItems) = preProject
		Package\content\Entities\filter.xml.template = Package\content\Entities\filter.xml.template
		Package\content\Entities\generate.cmd.template = Package\content\Entities\generate.cmd.template
	EndProjectSection
EndProject
Project("{9A19103F-16F7-4668-BE54-9A1E7A4F7556}") = "Kipon.Example.WebResources", "Kipon.Example.WebResources\Kipon.Example.WebResources.csproj", "{5B175A06-C544-4606-86DD-766E9A8919CC}"
EndProject
Project("{2150E333-8FDC-42A3-9474-1A3956D46DE8}") = "ToolsPackage", "ToolsPackage", "{DCA485B6-2998-4568-A5F8-41283F336884}"
	ProjectSection(SolutionItems) = preProject
		ToolsPackage\Kipon.Xrm.Tools.nuspec = ToolsPackage\Kipon.Xrm.Tools.nuspec
	EndProjectSection
EndProject
Project("{FAE04EC0-301F-11D3-BF4B-00C04F79EFBC}") = "Kipon.Solid.Plugin.UnitTests", "Kipon.Solid.Plugin.UnitTests\Kipon.Solid.Plugin.UnitTests.csproj", "{F47F28E0-66C9-4363-8D45-419766C2DAC9}"
EndProject
Project("{2150E333-8FDC-42A3-9474-1A3956D46DE8}") = "FakePackage", "FakePackage", "{C66C739A-20DA-4D0D-90E7-9672E4CD5926}"
	ProjectSection(SolutionItems) = preProject
		FakePackage\Kipon.Solid.Plugin.Fake.nuspec = FakePackage\Kipon.Solid.Plugin.Fake.nuspec
	EndProjectSection
EndProject
Project("{2150E333-8FDC-42A3-9474-1A3956D46DE8}") = "Online", "Online", "{27776B7C-69BF-4714-B04F-74CDD189AD03}"
EndProject
Project("{FAE04EC0-301F-11D3-BF4B-00C04F79EFBC}") = "Kipon.Xrm", "Online\Kipon.Xrm\Kipon.Xrm.csproj", "{E1B9D006-5601-4304-8535-21DCA2285147}"
EndProject
Project("{FAE04EC0-301F-11D3-BF4B-00C04F79EFBC}") = "Kipon.Xrm.Tools", "Online\Kipon.Xrm.Tools\Kipon.Xrm.Tools.csproj", "{76C550E8-A9A5-4A7F-B875-0AC9CB3493F1}"
EndProject
Project("{FAE04EC0-301F-11D3-BF4B-00C04F79EFBC}") = "Kipon.Xrm.Cmd", "Online\Kipon.Xrm.Cmd\Kipon.Xrm.Cmd.csproj", "{AA2154BB-F2D9-4720-9D6A-A2D66FFD72AA}"
EndProject
Project("{FAE04EC0-301F-11D3-BF4B-00C04F79EFBC}") = "Kipon.Online.Plugin", "Online\Kipon.Online.Plugin\Kipon.Online.Plugin.csproj", "{70142FF3-289E-4ECD-BC3A-1487ECF4A07E}"
EndProject
Project("{FAE04EC0-301F-11D3-BF4B-00C04F79EFBC}") = "Kipon.Xrm.Fake", "Online\Kipon.Xrm.Fake\Kipon.Xrm.Fake.csproj", "{43A06959-57DF-4B1A-8C5C-E9DC92444BDC}"
EndProject
Project("{FAE04EC0-301F-11D3-BF4B-00C04F79EFBC}") = "Kipon.Xrm.UnitTests", "Online\Kipon.Xrm.UnitTests\Kipon.Xrm.UnitTests.csproj", "{338CA884-582E-4330-8FA9-18BA29843921}"
EndProject
Project("{2150E333-8FDC-42A3-9474-1A3956D46DE8}") = "SolutionItems", "SolutionItems", "{0AA8DCF1-E516-4F23-A62C-1B6E544FF771}"
	ProjectSection(SolutionItems) = preProject
		Online\SolutionItems\deploy.cmd = Online\SolutionItems\deploy.cmd
		Online\SolutionItems\filter.json = Online\SolutionItems\filter.json
		Online\SolutionItems\generate.cmd = Online\SolutionItems\generate.cmd
		Online\SolutionItems\kipon-tools.json = Online\SolutionItems\kipon-tools.json
		Online\SolutionItems\pack.cmd = Online\SolutionItems\pack.cmd
		Online\SolutionItems\README.md = Online\SolutionItems\README.md
	EndProjectSection
EndProject
Project("{FAE04EC0-301F-11D3-BF4B-00C04F79EFBC}") = "Kipon.Online.Plugin.Services", "Online\Kipon.Online.Plugin.Services\Kipon.Online.Plugin.Services.csproj", "{127C5DAB-985C-44DC-9D3D-A2D9AF36F857}"
EndProject
Global
	GlobalSection(SolutionConfigurationPlatforms) = preSolution
		Debug|Any CPU = Debug|Any CPU
		Release|Any CPU = Release|Any CPU
	EndGlobalSection
	GlobalSection(ProjectConfigurationPlatforms) = postSolution
		{E0B9DBE2-FC07-4970-9971-B0D37CBFDAB9}.Debug|Any CPU.ActiveCfg = Debug|Any CPU
		{E0B9DBE2-FC07-4970-9971-B0D37CBFDAB9}.Debug|Any CPU.Build.0 = Debug|Any CPU
		{E0B9DBE2-FC07-4970-9971-B0D37CBFDAB9}.Release|Any CPU.ActiveCfg = Release|Any CPU
		{E0B9DBE2-FC07-4970-9971-B0D37CBFDAB9}.Release|Any CPU.Build.0 = Release|Any CPU
		{B82125A9-765D-48C3-BFDF-590235D390A3}.Debug|Any CPU.ActiveCfg = Debug|Any CPU
		{B82125A9-765D-48C3-BFDF-590235D390A3}.Debug|Any CPU.Build.0 = Debug|Any CPU
		{B82125A9-765D-48C3-BFDF-590235D390A3}.Release|Any CPU.ActiveCfg = Release|Any CPU
		{B82125A9-765D-48C3-BFDF-590235D390A3}.Release|Any CPU.Build.0 = Release|Any CPU
		{FF06F849-850F-41BC-AA62-E1673C368217}.Debug|Any CPU.ActiveCfg = Debug|Any CPU
		{FF06F849-850F-41BC-AA62-E1673C368217}.Debug|Any CPU.Build.0 = Debug|Any CPU
		{FF06F849-850F-41BC-AA62-E1673C368217}.Release|Any CPU.ActiveCfg = Release|Any CPU
		{FF06F849-850F-41BC-AA62-E1673C368217}.Release|Any CPU.Build.0 = Release|Any CPU
		{79EEBBAF-B35E-459D-B6B0-AD5E2365D0E5}.Debug|Any CPU.ActiveCfg = Debug|Any CPU
		{79EEBBAF-B35E-459D-B6B0-AD5E2365D0E5}.Debug|Any CPU.Build.0 = Debug|Any CPU
		{79EEBBAF-B35E-459D-B6B0-AD5E2365D0E5}.Release|Any CPU.ActiveCfg = Release|Any CPU
		{79EEBBAF-B35E-459D-B6B0-AD5E2365D0E5}.Release|Any CPU.Build.0 = Release|Any CPU
		{5B175A06-C544-4606-86DD-766E9A8919CC}.Debug|Any CPU.ActiveCfg = Debug|Any CPU
		{5B175A06-C544-4606-86DD-766E9A8919CC}.Debug|Any CPU.Build.0 = Debug|Any CPU
		{5B175A06-C544-4606-86DD-766E9A8919CC}.Release|Any CPU.ActiveCfg = Release|Any CPU
		{5B175A06-C544-4606-86DD-766E9A8919CC}.Release|Any CPU.Build.0 = Release|Any CPU
		{F47F28E0-66C9-4363-8D45-419766C2DAC9}.Debug|Any CPU.ActiveCfg = Debug|Any CPU
		{F47F28E0-66C9-4363-8D45-419766C2DAC9}.Debug|Any CPU.Build.0 = Debug|Any CPU
		{F47F28E0-66C9-4363-8D45-419766C2DAC9}.Release|Any CPU.ActiveCfg = Release|Any CPU
		{F47F28E0-66C9-4363-8D45-419766C2DAC9}.Release|Any CPU.Build.0 = Release|Any CPU
		{E1B9D006-5601-4304-8535-21DCA2285147}.Debug|Any CPU.ActiveCfg = Debug|Any CPU
		{E1B9D006-5601-4304-8535-21DCA2285147}.Debug|Any CPU.Build.0 = Debug|Any CPU
		{E1B9D006-5601-4304-8535-21DCA2285147}.Release|Any CPU.ActiveCfg = Release|Any CPU
		{E1B9D006-5601-4304-8535-21DCA2285147}.Release|Any CPU.Build.0 = Release|Any CPU
		{76C550E8-A9A5-4A7F-B875-0AC9CB3493F1}.Debug|Any CPU.ActiveCfg = Debug|Any CPU
		{76C550E8-A9A5-4A7F-B875-0AC9CB3493F1}.Debug|Any CPU.Build.0 = Debug|Any CPU
		{76C550E8-A9A5-4A7F-B875-0AC9CB3493F1}.Release|Any CPU.ActiveCfg = Release|Any CPU
		{76C550E8-A9A5-4A7F-B875-0AC9CB3493F1}.Release|Any CPU.Build.0 = Release|Any CPU
		{AA2154BB-F2D9-4720-9D6A-A2D66FFD72AA}.Debug|Any CPU.ActiveCfg = Debug|Any CPU
		{AA2154BB-F2D9-4720-9D6A-A2D66FFD72AA}.Debug|Any CPU.Build.0 = Debug|Any CPU
		{AA2154BB-F2D9-4720-9D6A-A2D66FFD72AA}.Release|Any CPU.ActiveCfg = Release|Any CPU
		{AA2154BB-F2D9-4720-9D6A-A2D66FFD72AA}.Release|Any CPU.Build.0 = Release|Any CPU
		{70142FF3-289E-4ECD-BC3A-1487ECF4A07E}.Debug|Any CPU.ActiveCfg = Debug|Any CPU
		{70142FF3-289E-4ECD-BC3A-1487ECF4A07E}.Debug|Any CPU.Build.0 = Debug|Any CPU
		{70142FF3-289E-4ECD-BC3A-1487ECF4A07E}.Release|Any CPU.ActiveCfg = Release|Any CPU
		{70142FF3-289E-4ECD-BC3A-1487ECF4A07E}.Release|Any CPU.Build.0 = Release|Any CPU
		{43A06959-57DF-4B1A-8C5C-E9DC92444BDC}.Debug|Any CPU.ActiveCfg = Debug|Any CPU
		{43A06959-57DF-4B1A-8C5C-E9DC92444BDC}.Debug|Any CPU.Build.0 = Debug|Any CPU
		{43A06959-57DF-4B1A-8C5C-E9DC92444BDC}.Release|Any CPU.ActiveCfg = Release|Any CPU
		{43A06959-57DF-4B1A-8C5C-E9DC92444BDC}.Release|Any CPU.Build.0 = Release|Any CPU
		{338CA884-582E-4330-8FA9-18BA29843921}.Debug|Any CPU.ActiveCfg = Debug|Any CPU
		{338CA884-582E-4330-8FA9-18BA29843921}.Debug|Any CPU.Build.0 = Debug|Any CPU
		{338CA884-582E-4330-8FA9-18BA29843921}.Release|Any CPU.ActiveCfg = Release|Any CPU
		{338CA884-582E-4330-8FA9-18BA29843921}.Release|Any CPU.Build.0 = Release|Any CPU
		{127C5DAB-985C-44DC-9D3D-A2D9AF36F857}.Debug|Any CPU.ActiveCfg = Debug|Any CPU
		{127C5DAB-985C-44DC-9D3D-A2D9AF36F857}.Debug|Any CPU.Build.0 = Debug|Any CPU
		{127C5DAB-985C-44DC-9D3D-A2D9AF36F857}.Release|Any CPU.ActiveCfg = Release|Any CPU
		{127C5DAB-985C-44DC-9D3D-A2D9AF36F857}.Release|Any CPU.Build.0 = Release|Any CPU
	EndGlobalSection
	GlobalSection(SolutionProperties) = preSolution
		HideSolutionNode = FALSE
	EndGlobalSection
	GlobalSection(NestedProjects) = preSolution
		{A590DDDB-7B0D-4158-B0EC-F6AB9A7C3B95} = {ACEBBA29-7891-46F0-8D1C-992A728C7AAB}
		{38544696-D4F5-44AE-9C12-A24960238F97} = {ACEBBA29-7891-46F0-8D1C-992A728C7AAB}
		{96A8281F-FD9B-4E40-A4C8-194437E4223F} = {38544696-D4F5-44AE-9C12-A24960238F97}
		{316C8C8D-9E87-43B5-93A5-854CE2A48A57} = {96A8281F-FD9B-4E40-A4C8-194437E4223F}
		{DCA485B6-2998-4568-A5F8-41283F336884} = {ACEBBA29-7891-46F0-8D1C-992A728C7AAB}
		{C66C739A-20DA-4D0D-90E7-9672E4CD5926} = {ACEBBA29-7891-46F0-8D1C-992A728C7AAB}
		{E1B9D006-5601-4304-8535-21DCA2285147} = {27776B7C-69BF-4714-B04F-74CDD189AD03}
		{76C550E8-A9A5-4A7F-B875-0AC9CB3493F1} = {27776B7C-69BF-4714-B04F-74CDD189AD03}
		{AA2154BB-F2D9-4720-9D6A-A2D66FFD72AA} = {27776B7C-69BF-4714-B04F-74CDD189AD03}
		{70142FF3-289E-4ECD-BC3A-1487ECF4A07E} = {27776B7C-69BF-4714-B04F-74CDD189AD03}
		{43A06959-57DF-4B1A-8C5C-E9DC92444BDC} = {27776B7C-69BF-4714-B04F-74CDD189AD03}
		{338CA884-582E-4330-8FA9-18BA29843921} = {27776B7C-69BF-4714-B04F-74CDD189AD03}
		{0AA8DCF1-E516-4F23-A62C-1B6E544FF771} = {27776B7C-69BF-4714-B04F-74CDD189AD03}
		{127C5DAB-985C-44DC-9D3D-A2D9AF36F857} = {27776B7C-69BF-4714-B04F-74CDD189AD03}
	EndGlobalSection
	GlobalSection(ExtensibilityGlobals) = postSolution
		SolutionGuid = {C512F021-FD52-4DEA-8137-EA27986B2E7D}
	EndGlobalSection
EndGlobal
