
Microsoft Visual Studio Solution File, Format Version 12.00
# Visual Studio Version 16
VisualStudioVersion = 16.0.29230.47
MinimumVisualStudioVersion = 10.0.40219.1
Project("{2150E333-8FDC-42A3-9474-1A3956D46DE8}") = "Solution Items", "Solution Items", "{ACEBBA29-7891-46F0-8D1C-992A728C7AAB}"
	ProjectSection(SolutionItems) = preProject
		CHANGELOG.MD = CHANGELOG.MD
		DOCUMENTATION.MD = DOCUMENTATION.MD
		README.MD = README.MD
	EndProjectSection
EndProject
Project("{2150E333-8FDC-42A3-9474-1A3956D46DE8}") = "images", "images", "{A590DDDB-7B0D-4158-B0EC-F6AB9A7C3B95}"
	ProjectSection(SolutionItems) = preProject
		images\addproject.PNG = images\addproject.PNG
		images\copyzip.PNG = images\copyzip.PNG
		images\demofolder.PNG = images\demofolder.PNG
		images\deploy.PNG = images\deploy.PNG
		images\download.PNG = images\download.PNG
		images\filterxml.PNG = images\filterxml.PNG
		images\generate1.PNG = images\generate1.PNG
		images\plugregappconfig.PNG = images\plugregappconfig.PNG
		images\projectproperties.PNG = images\projectproperties.PNG
		images\renamesolution.PNG = images\renamesolution.PNG
		images\rungenerate.PNG = images\rungenerate.PNG
		images\searchandreplace.PNG = images\searchandreplace.PNG
		images\setupearlyboundentities.PNG = images\setupearlyboundentities.PNG
		images\solutionfilstructure.PNG = images\solutionfilstructure.PNG
		images\targetfolder.PNG = images\targetfolder.PNG
	EndProjectSection
EndProject
Project("{FAE04EC0-301F-11D3-BF4B-00C04F79EFBC}") = "Kipon.Solid.Plugin", "Kipon.Solid.Plugin\Kipon.Solid.Plugin.csproj", "{E0B9DBE2-FC07-4970-9971-B0D37CBFDAB9}"
EndProject
Project("{FAE04EC0-301F-11D3-BF4B-00C04F79EFBC}") = "Kipon.Solid.Plugin.UnitTests", "Kipon.Solid.Plugin.UnitTests\Kipon.Solid.Plugin.UnitTests.csproj", "{F47F28E0-66C9-4363-8D45-419766C2DAC9}"
EndProject
Project("{FAE04EC0-301F-11D3-BF4B-00C04F79EFBC}") = "Kipon.Solid.Xrm.Fake", "Kipon.Solid.Xrm.Fake\Kipon.Solid.Xrm.Fake.csproj", "{B82125A9-765D-48C3-BFDF-590235D390A3}"
EndProject
Project("{FAE04EC0-301F-11D3-BF4B-00C04F79EFBC}") = "Kipon.Xrm.Tools", "Kipon.Xrm.Tools\Kipon.Xrm.Tools.csproj", "{FF06F849-850F-41BC-AA62-E1673C368217}"
EndProject
Project("{FAE04EC0-301F-11D3-BF4B-00C04F79EFBC}") = "Kipon.Xrm.Cmd", "Kipon.Xrm.Cmd\Kipon.Xrm.Cmd.csproj", "{79EEBBAF-B35E-459D-B6B0-AD5E2365D0E5}"
EndProject
Global
	GlobalSection(SolutionConfigurationPlatforms) = preSolution
		Debug|Any CPU = Debug|Any CPU
		Release|Any CPU = Release|Any CPU
	EndGlobalSection
	GlobalSection(ProjectConfigurationPlatforms) = postSolution
		{E0B9DBE2-FC07-4970-9971-B0D37CBFDAB9}.Debug|Any CPU.ActiveCfg = Debug|Any CPU
		{E0B9DBE2-FC07-4970-9971-B0D37CBFDAB9}.Debug|Any CPU.Build.0 = Debug|Any CPU
		{E0B9DBE2-FC07-4970-9971-B0D37CBFDAB9}.Release|Any CPU.ActiveCfg = Release|Any CPU
		{E0B9DBE2-FC07-4970-9971-B0D37CBFDAB9}.Release|Any CPU.Build.0 = Release|Any CPU
		{F47F28E0-66C9-4363-8D45-419766C2DAC9}.Debug|Any CPU.ActiveCfg = Debug|Any CPU
		{F47F28E0-66C9-4363-8D45-419766C2DAC9}.Debug|Any CPU.Build.0 = Debug|Any CPU
		{F47F28E0-66C9-4363-8D45-419766C2DAC9}.Release|Any CPU.ActiveCfg = Release|Any CPU
		{F47F28E0-66C9-4363-8D45-419766C2DAC9}.Release|Any CPU.Build.0 = Release|Any CPU
		{B82125A9-765D-48C3-BFDF-590235D390A3}.Debug|Any CPU.ActiveCfg = Debug|Any CPU
		{B82125A9-765D-48C3-BFDF-590235D390A3}.Debug|Any CPU.Build.0 = Debug|Any CPU
		{B82125A9-765D-48C3-BFDF-590235D390A3}.Release|Any CPU.ActiveCfg = Release|Any CPU
		{B82125A9-765D-48C3-BFDF-590235D390A3}.Release|Any CPU.Build.0 = Release|Any CPU
		{FF06F849-850F-41BC-AA62-E1673C368217}.Debug|Any CPU.ActiveCfg = Debug|Any CPU
		{FF06F849-850F-41BC-AA62-E1673C368217}.Debug|Any CPU.Build.0 = Debug|Any CPU
		{FF06F849-850F-41BC-AA62-E1673C368217}.Release|Any CPU.ActiveCfg = Release|Any CPU
		{FF06F849-850F-41BC-AA62-E1673C368217}.Release|Any CPU.Build.0 = Release|Any CPU
		{79EEBBAF-B35E-459D-B6B0-AD5E2365D0E5}.Debug|Any CPU.ActiveCfg = Debug|Any CPU
		{79EEBBAF-B35E-459D-B6B0-AD5E2365D0E5}.Debug|Any CPU.Build.0 = Debug|Any CPU
		{79EEBBAF-B35E-459D-B6B0-AD5E2365D0E5}.Release|Any CPU.ActiveCfg = Release|Any CPU
		{79EEBBAF-B35E-459D-B6B0-AD5E2365D0E5}.Release|Any CPU.Build.0 = Release|Any CPU
	EndGlobalSection
	GlobalSection(SolutionProperties) = preSolution
		HideSolutionNode = FALSE
	EndGlobalSection
	GlobalSection(NestedProjects) = preSolution
		{A590DDDB-7B0D-4158-B0EC-F6AB9A7C3B95} = {ACEBBA29-7891-46F0-8D1C-992A728C7AAB}
	EndGlobalSection
	GlobalSection(ExtensibilityGlobals) = postSolution
		SolutionGuid = {C512F021-FD52-4DEA-8137-EA27986B2E7D}
	EndGlobalSection
EndGlobal
